# THIS IS AN AUTOGENERATED FILE. DO NOT EDIT THIS FILE DIRECTLY.
# yarn lockfile v1


"@babel/runtime@^7.8.3":
  version "7.17.9"
  resolved "https://registry.yarnpkg.com/@babel/runtime/-/runtime-7.17.9.tgz#d19fbf802d01a8cb6cf053a64e472d42c434ba72"
  integrity sha512-lSiBBvodq29uShpWGNbgFdKYNiFDo5/HIYsaCEY9ff4sb10x9jizo2+pRrSyF4jKZCXqgzuqBOQKbUm90gQwJg==
  dependencies:
    regenerator-runtime "^0.13.4"

date-fns@^2.28.0:
  version "2.28.0"
  resolved "https://registry.yarnpkg.com/date-fns/-/date-fns-2.28.0.tgz#9570d656f5fc13143e50c975a3b6bbeb46cd08b2"
  integrity sha512-8d35hViGYx/QH0icHYCeLmsLmMUheMmTyV9Fcm6gvNwdw31yXXH+O85sOBJ+OLnLQMKZowvpKb6FgMIQjcpvQw==

react-head@^3.4.0:
  version "3.4.0"
  resolved "https://registry.yarnpkg.com/react-head/-/react-head-3.4.0.tgz#4ebab1affbf1ef7a25c10f0c9562573199499232"
  integrity sha512-T+a+WTN2lQECle3KdUBTnXMpjzOTDRFS1f2jCLP9H64XBXgayxadoLkzWSiJD793zE8IMWzQ8xKe3V573es9NQ==
  dependencies:
    "@babel/runtime" "^7.8.3"

regenerator-runtime@^0.13.4:
  version "0.13.9"
  resolved "https://registry.yarnpkg.com/regenerator-runtime/-/regenerator-runtime-0.13.9.tgz#8925742a98ffd90814988d7566ad30ca3b263b52"
  integrity sha512-p3VT+cOEgxFsRRA9X4lkI1E+k2/CtnKtU4gcxyaCUreilL/vqI6CdZ3wxVUx3UOUg+gnUOQQcRI7BmSI656MYA==
